<?xml version="1.0" encoding="UTF-8"?>
<Scheme
   LastUpgradeVersion = "2660"
   version = "1.7">
   <BuildAction
      parallelizeBuildables = "YES"
      buildImplicitDependencies = "YES"
      buildArchitectures = "Automatic">
      <BuildActionEntries>
         <BuildActionEntry
            buildForTesting = "YES"
            buildForRunning = "YES"
            buildForProfiling = "NO"
            buildForArchiving = "NO"
            buildForAnalyzing = "YES">
            <BuildableReference
               BuildableIdentifier = "primary"
               BlueprintIdentifier = "778799D1FB0081DF77469346"
               BuildableName = "DepremOldu.app"
               BlueprintName = "DepremOldu"
               ReferencedContainer = "container:DepremOldu.xcodeproj">
            </BuildableReference>
         </BuildActionEntry>
         <BuildActionEntry
            buildForTesting = "YES"
            buildForRunning = "NO"
            buildForProfiling = "NO"
            buildForArchiving = "NO"
            buildForAnalyzing = "YES">
            <BuildableReference
               BuildableIdentifier = "primary"
               BlueprintIdentifier = "0518022B93243A311510A37C"
               BuildableName = "DepremOlduAppTests.xctest"
               BlueprintName = "DepremOlduAppTests"
               ReferencedContainer = "container:DepremOldu.xcodeproj">
            </BuildableReference>
         </BuildActionEntry>
         <BuildActionEntry
            buildForTesting = "YES"
            buildForRunning = "NO"
            buildForProfiling = "NO"
            buildForArchiving = "NO"
            buildForAnalyzing = "YES">
            <BuildableReference
               BuildableIdentifier = "primary"
               BlueprintIdentifier = "EF642085D96B2FB2327D0DFB"
               BuildableName = "DepremOlduAppUITests.xctest"
               BlueprintName = "DepremOlduAppUITests"
               ReferencedContainer = "container:DepremOldu.xcodeproj">
            </BuildableReference>
         </BuildActionEntry>
      </BuildActionEntries>
   </BuildAction>
   <TestAction
      buildConfiguration = "Test"
      selectedDebuggerIdentifier = "Xcode.DebuggerFoundation.Debugger.LLDB"
      selectedLauncherIdentifier = "Xcode.DebuggerFoundation.Launcher.LLDB"
      shouldUseLaunchSchemeArgsEnv = "YES">
      <Testables>
         <TestableReference
            skipped = "NO">
            <BuildableReference
               BuildableIdentifier = "primary"
               BlueprintIdentifier = "0518022B93243A311510A37C"
               BuildableName = "DepremOlduAppTests.xctest"
               BlueprintName = "DepremOlduAppTests"
               ReferencedContainer = "container:DepremOldu.xcodeproj">
            </BuildableReference>
         </TestableReference>
         <TestableReference
            skipped = "NO">
            <BuildableReference
               BuildableIdentifier = "primary"
               BlueprintIdentifier = "EF642085D96B2FB2327D0DFB"
               BuildableName = "DepremOlduAppUITests.xctest"
               BlueprintName = "DepremOlduAppUITests"
               ReferencedContainer = "container:DepremOldu.xcodeproj">
            </BuildableReference>
         </TestableReference>
      </Testables>
   </TestAction>
   <LaunchAction
      buildConfiguration = "Test"
      selectedDebuggerIdentifier = "Xcode.DebuggerFoundation.Debugger.LLDB"
      selectedLauncherIdentifier = "Xcode.DebuggerFoundation.Launcher.LLDB"
      launchStyle = "0"
      useCustomWorkingDirectory = "NO"
      ignoresPersistentStateOnLaunch = "YES"
      debugDocumentVersioning = "YES"
      debugServiceExtension = "internal"
      allowLocationSimulation = "YES">
      <BuildableProductRunnable
         runnableDebuggingMode = "0">
         <BuildableReference
               BuildableIdentifier = "primary"
               BlueprintIdentifier = "778799D1FB0081DF77469346"
               BuildableName = "DepremOldu.app"
               BlueprintName = "DepremOldu"
               ReferencedContainer = "container:DepremOldu.xcodeproj">
            </BuildableReference>
      </BuildableProductRunnable>
   </LaunchAction>
   <ProfileAction
      buildConfiguration = "Release"
      shouldUseLaunchSchemeArgsEnv = "YES"
      savedToolIdentifier = ""
      useCustomWorkingDirectory = "NO"
      debugDocumentVersioning = "YES">
      <BuildableProductRunnable
         runnableDebuggingMode = "0">
         <BuildableReference
               BuildableIdentifier = "primary"
               BlueprintIdentifier = "778799D1FB0081DF77469346"
               BuildableName = "DepremOldu.app"
               BlueprintName = "DepremOldu"
               ReferencedContainer = "container:DepremOldu.xcodeproj">
            </BuildableReference>
      </BuildableProductRunnable>
   </ProfileAction>
   <AnalyzeAction
      buildConfiguration = "Test">
   </AnalyzeAction>
   <ArchiveAction
      buildConfiguration = "Release"
      revealArchiveInOrganizer = "YES">
   </ArchiveAction>
</Scheme>
